github.com/foo-dogsquared/hugo-mod-simple-icons v0.0.0-20210112174729-cd5a37e6a772 h1:W7PrIQ80+q3anBniE1kw8LFXgZdsvLn0QGq0JTBoXac=
github.com/foo-dogsquared/hugo-mod-simple-icons v0.0.0-20210112174729-cd5a37e6a772/go.mod h1:Zj/H5B3seQ4WGPwEOE/LtRoMsVy7ooEB0xhUN3k9PnY=
github.com/simple-icons/simple-icons v0.0.0-20210112161000-6f83d1dd8566/go.mod h1:oOgUUt8yVYOso/wEBi2ojfZP2MU/xxiNccIpaE+jCvE=
